
Microsoft Visual Studio Solution File, Format Version 12.00
# Visual Studio Version 17
VisualStudioVersion = 17.8.34330.188
MinimumVisualStudioVersion = 10.0.40219.1
Project("{FAE04EC0-301F-11D3-BF4B-00C04F79EFBC}") = "13 - Atividade", "13 - Atividade\13 - Atividade.csproj", "{244CA196-0790-40FA-A874-DC830FEF78DB}"
EndProject
Global
	GlobalSection(SolutionConfigurationPlatforms) = preSolution
		Debug|Any CPU = Debug|Any CPU
		Release|Any CPU = Release|Any CPU
	EndGlobalSection
	GlobalSection(ProjectConfigurationPlatforms) = postSolution
		{244CA196-0790-40FA-A874-DC830FEF78DB}.Debug|Any CPU.ActiveCfg = Debug|Any CPU
		{244CA196-0790-40FA-A874-DC830FEF78DB}.Debug|Any CPU.Build.0 = Debug|Any CPU
		{244CA196-0790-40FA-A874-DC830FEF78DB}.Release|Any CPU.ActiveCfg = Release|Any CPU
		{244CA196-0790-40FA-A874-DC830FEF78DB}.Release|Any CPU.Build.0 = Release|Any CPU
	EndGlobalSection
	GlobalSection(SolutionProperties) = preSolution
		HideSolutionNode = FALSE
	EndGlobalSection
	GlobalSection(ExtensibilityGlobals) = postSolution
		SolutionGuid = {6ACE6BCB-D0A7-4276-88FE-669486940B07}
	EndGlobalSection
EndGlobal
