
Microsoft Visual Studio Solution File, Format Version 12.00
# Visual Studio Version 17
VisualStudioVersion = 17.8.34330.188
MinimumVisualStudioVersion = 10.0.40219.1
Project("{FAE04EC0-301F-11D3-BF4B-00C04F79EFBC}") = "11 - Atividade", "11 - Atividade\11 - Atividade.csproj", "{DE0B73FE-EF99-4023-BB47-5509016B9CE7}"
EndProject
Global
	GlobalSection(SolutionConfigurationPlatforms) = preSolution
		Debug|Any CPU = Debug|Any CPU
		Release|Any CPU = Release|Any CPU
	EndGlobalSection
	GlobalSection(ProjectConfigurationPlatforms) = postSolution
		{DE0B73FE-EF99-4023-BB47-5509016B9CE7}.Debug|Any CPU.ActiveCfg = Debug|Any CPU
		{DE0B73FE-EF99-4023-BB47-5509016B9CE7}.Debug|Any CPU.Build.0 = Debug|Any CPU
		{DE0B73FE-EF99-4023-BB47-5509016B9CE7}.Release|Any CPU.ActiveCfg = Release|Any CPU
		{DE0B73FE-EF99-4023-BB47-5509016B9CE7}.Release|Any CPU.Build.0 = Release|Any CPU
	EndGlobalSection
	GlobalSection(SolutionProperties) = preSolution
		HideSolutionNode = FALSE
	EndGlobalSection
	GlobalSection(ExtensibilityGlobals) = postSolution
		SolutionGuid = {960A4FAB-B785-462D-B379-DA789F40869E}
	EndGlobalSection
EndGlobal
